
Microsoft Visual Studio Solution File, Format Version 12.00
# Visual Studio 2013
VisualStudioVersion = 12.0.40629.0
MinimumVisualStudioVersion = 10.0.40219.1
Project("{FAE04EC0-301F-11D3-BF4B-00C04F79EFBC}") = "SeleniumAutoTestServer", "SeleniumAutoTestServer\SeleniumAutoTestServer.csproj", "{0459573A-573F-498D-B097-7799D4D9EF54}"
EndProject
Project("{FAE04EC0-301F-11D3-BF4B-00C04F79EFBC}") = "SeleniumAutoTestCommon", "SeleniumAutoTestCommon\SeleniumAutoTestCommon.csproj", "{7E425EFA-1223-4BED-BDE8-AD43A898FB75}"
EndProject
Project("{FAE04EC0-301F-11D3-BF4B-00C04F79EFBC}") = "SeleniumAutoTestClient", "SeleniumAutoTestClient\SeleniumAutoTestClient.csproj", "{2159C7D6-7B28-42B3-8DAF-C60B272322C2}"
EndProject
Global
	GlobalSection(SolutionConfigurationPlatforms) = preSolution
		Debug|Any CPU = Debug|Any CPU
		Release|Any CPU = Release|Any CPU
	EndGlobalSection
	GlobalSection(ProjectConfigurationPlatforms) = postSolution
		{0459573A-573F-498D-B097-7799D4D9EF54}.Debug|Any CPU.ActiveCfg = Debug|Any CPU
		{0459573A-573F-498D-B097-7799D4D9EF54}.Debug|Any CPU.Build.0 = Debug|Any CPU
		{0459573A-573F-498D-B097-7799D4D9EF54}.Release|Any CPU.ActiveCfg = Release|Any CPU
		{0459573A-573F-498D-B097-7799D4D9EF54}.Release|Any CPU.Build.0 = Release|Any CPU
		{7E425EFA-1223-4BED-BDE8-AD43A898FB75}.Debug|Any CPU.ActiveCfg = Debug|Any CPU
		{7E425EFA-1223-4BED-BDE8-AD43A898FB75}.Debug|Any CPU.Build.0 = Debug|Any CPU
		{7E425EFA-1223-4BED-BDE8-AD43A898FB75}.Release|Any CPU.ActiveCfg = Release|Any CPU
		{7E425EFA-1223-4BED-BDE8-AD43A898FB75}.Release|Any CPU.Build.0 = Release|Any CPU
		{2159C7D6-7B28-42B3-8DAF-C60B272322C2}.Debug|Any CPU.ActiveCfg = Debug|Any CPU
		{2159C7D6-7B28-42B3-8DAF-C60B272322C2}.Debug|Any CPU.Build.0 = Debug|Any CPU
		{2159C7D6-7B28-42B3-8DAF-C60B272322C2}.Release|Any CPU.ActiveCfg = Release|Any CPU
		{2159C7D6-7B28-42B3-8DAF-C60B272322C2}.Release|Any CPU.Build.0 = Release|Any CPU
	EndGlobalSection
	GlobalSection(SolutionProperties) = preSolution
		HideSolutionNode = FALSE
	EndGlobalSection
EndGlobal
